
Microsoft Visual Studio Solution File, Format Version 12.00
# Visual Studio Version 17
VisualStudioVersion = 17.5.002.0
MinimumVisualStudioVersion = 10.0.40219.1
Project("{9A19103F-16F7-4668-BE54-9A1E7A4F7556}") = "GGR.Client", "Client\GGR.Client.csproj", "{687167AC-FFBA-4A9A-A110-AB9EE02219D4}"
EndProject
Project("{9A19103F-16F7-4668-BE54-9A1E7A4F7556}") = "GGR.Server", "Server\GGR.Server.csproj", "{007B4998-8876-48A2-B04E-DC620BD23EC5}"
EndProject
Project("{9A19103F-16F7-4668-BE54-9A1E7A4F7556}") = "GGR.Shared", "Shared\GGR.Shared.csproj", "{BEE7AE03-242A-49A4-BCFE-D7CA1178751B}"
EndProject
Global
	GlobalSection(SolutionConfigurationPlatforms) = preSolution
		Debug|Any CPU = Debug|Any CPU
		Release|Any CPU = Release|Any CPU
	EndGlobalSection
	GlobalSection(ProjectConfigurationPlatforms) = postSolution
		{687167AC-FFBA-4A9A-A110-AB9EE02219D4}.Debug|Any CPU.ActiveCfg = Debug|Any CPU
		{687167AC-FFBA-4A9A-A110-AB9EE02219D4}.Debug|Any CPU.Build.0 = Debug|Any CPU
		{687167AC-FFBA-4A9A-A110-AB9EE02219D4}.Release|Any CPU.ActiveCfg = Release|Any CPU
		{687167AC-FFBA-4A9A-A110-AB9EE02219D4}.Release|Any CPU.Build.0 = Release|Any CPU
		{007B4998-8876-48A2-B04E-DC620BD23EC5}.Debug|Any CPU.ActiveCfg = Debug|Any CPU
		{007B4998-8876-48A2-B04E-DC620BD23EC5}.Debug|Any CPU.Build.0 = Debug|Any CPU
		{007B4998-8876-48A2-B04E-DC620BD23EC5}.Release|Any CPU.ActiveCfg = Release|Any CPU
		{007B4998-8876-48A2-B04E-DC620BD23EC5}.Release|Any CPU.Build.0 = Release|Any CPU
		{BEE7AE03-242A-49A4-BCFE-D7CA1178751B}.Debug|Any CPU.ActiveCfg = Debug|Any CPU
		{BEE7AE03-242A-49A4-BCFE-D7CA1178751B}.Debug|Any CPU.Build.0 = Debug|Any CPU
		{BEE7AE03-242A-49A4-BCFE-D7CA1178751B}.Release|Any CPU.ActiveCfg = Release|Any CPU
		{BEE7AE03-242A-49A4-BCFE-D7CA1178751B}.Release|Any CPU.Build.0 = Release|Any CPU
	EndGlobalSection
	GlobalSection(SolutionProperties) = preSolution
		HideSolutionNode = FALSE
	EndGlobalSection
	GlobalSection(ExtensibilityGlobals) = postSolution
		SolutionGuid = {D41CC982-DAE4-4889-895B-4EF2D0523C62}
	EndGlobalSection
EndGlobal
