
Microsoft Visual Studio Solution File, Format Version 12.00
# Visual Studio Version 17
VisualStudioVersion = 17.5.002.0
MinimumVisualStudioVersion = 10.0.40219.1
Project("{9A19103F-16F7-4668-BE54-9A1E7A4F7556}") = "GGR.Client", "Client\GGR.Client.csproj", "{5F3F1977-C887-40AD-B876-11F74CD991FF}"
EndProject
Project("{9A19103F-16F7-4668-BE54-9A1E7A4F7556}") = "GGR.Server", "Server\GGR.Server.csproj", "{DA1F5CE6-197F-47E1-90D5-1E000D6B67D4}"
EndProject
Project("{9A19103F-16F7-4668-BE54-9A1E7A4F7556}") = "GGR.Shared", "Shared\GGR.Shared.csproj", "{AA717127-7F1E-4C56-8A66-288C34EBE45F}"
EndProject
Global
	GlobalSection(SolutionConfigurationPlatforms) = preSolution
		Debug|Any CPU = Debug|Any CPU
		Release|Any CPU = Release|Any CPU
	EndGlobalSection
	GlobalSection(ProjectConfigurationPlatforms) = postSolution
		{5F3F1977-C887-40AD-B876-11F74CD991FF}.Debug|Any CPU.ActiveCfg = Debug|Any CPU
		{5F3F1977-C887-40AD-B876-11F74CD991FF}.Debug|Any CPU.Build.0 = Debug|Any CPU
		{5F3F1977-C887-40AD-B876-11F74CD991FF}.Release|Any CPU.ActiveCfg = Release|Any CPU
		{5F3F1977-C887-40AD-B876-11F74CD991FF}.Release|Any CPU.Build.0 = Release|Any CPU
		{DA1F5CE6-197F-47E1-90D5-1E000D6B67D4}.Debug|Any CPU.ActiveCfg = Debug|Any CPU
		{DA1F5CE6-197F-47E1-90D5-1E000D6B67D4}.Debug|Any CPU.Build.0 = Debug|Any CPU
		{DA1F5CE6-197F-47E1-90D5-1E000D6B67D4}.Release|Any CPU.ActiveCfg = Release|Any CPU
		{DA1F5CE6-197F-47E1-90D5-1E000D6B67D4}.Release|Any CPU.Build.0 = Release|Any CPU
		{AA717127-7F1E-4C56-8A66-288C34EBE45F}.Debug|Any CPU.ActiveCfg = Debug|Any CPU
		{AA717127-7F1E-4C56-8A66-288C34EBE45F}.Debug|Any CPU.Build.0 = Debug|Any CPU
		{AA717127-7F1E-4C56-8A66-288C34EBE45F}.Release|Any CPU.ActiveCfg = Release|Any CPU
		{AA717127-7F1E-4C56-8A66-288C34EBE45F}.Release|Any CPU.Build.0 = Release|Any CPU
	EndGlobalSection
	GlobalSection(SolutionProperties) = preSolution
		HideSolutionNode = FALSE
	EndGlobalSection
	GlobalSection(ExtensibilityGlobals) = postSolution
		SolutionGuid = {54D3C22A-62BA-4DF0-804D-D456AA1C012E}
	EndGlobalSection
EndGlobal
